
Microsoft Visual Studio Solution File, Format Version 12.00
# Visual Studio Version 16
VisualStudioVersion = 16.0.31205.134
MinimumVisualStudioVersion = 10.0.40219.1
Project("{FAE04EC0-301F-11D3-BF4B-00C04F79EFBC}") = "MVCInjectionDependency", "MVCInjectionDependency\MVCInjectionDependency.csproj", "{FE6AA5A3-1B44-4A98-BEA2-5DD1F67CD543}"
EndProject
Global
	GlobalSection(SolutionConfigurationPlatforms) = preSolution
		Debug|Any CPU = Debug|Any CPU
		Release|Any CPU = Release|Any CPU
	EndGlobalSection
	GlobalSection(ProjectConfigurationPlatforms) = postSolution
		{FE6AA5A3-1B44-4A98-BEA2-5DD1F67CD543}.Debug|Any CPU.ActiveCfg = Debug|Any CPU
		{FE6AA5A3-1B44-4A98-BEA2-5DD1F67CD543}.Debug|Any CPU.Build.0 = Debug|Any CPU
		{FE6AA5A3-1B44-4A98-BEA2-5DD1F67CD543}.Release|Any CPU.ActiveCfg = Release|Any CPU
		{FE6AA5A3-1B44-4A98-BEA2-5DD1F67CD543}.Release|Any CPU.Build.0 = Release|Any CPU
	EndGlobalSection
	GlobalSection(SolutionProperties) = preSolution
		HideSolutionNode = FALSE
	EndGlobalSection
	GlobalSection(ExtensibilityGlobals) = postSolution
		SolutionGuid = {A16F0B84-F230-4BB2-ADE2-0D47C28EBAF4}
	EndGlobalSection
EndGlobal
